// !$*UTF8*$!
{
	archiveVersion = 1;
	classes = {
	};
	objectVersion = 46;
	objects = {

/* Begin PBXBuildFile section */
		C034A2871BDA133A00A998FD /* main.m in Sources */ = {isa = PBXBuildFile; fileRef = C034A2861BDA133A00A998FD /* main.m */; };
		C034A28A1BDA133A00A998FD /* AppDelegate.m in Sources */ = {isa = PBXBuildFile; fileRef = C034A2891BDA133A00A998FD /* AppDelegate.m */; };
		C034A28D1BDA133A00A998FD /* ViewController.m in Sources */ = {isa = PBXBuildFile; fileRef = C034A28C1BDA133A00A998FD /* ViewController.m */; };
		C034A2901BDA133A00A998FD /* Main.storyboard in Resources */ = {isa = PBXBuildFile; fileRef = C034A28E1BDA133A00A998FD /* Main.storyboard */; };
		C034A2921BDA133A00A998FD /* Images.xcassets in Resources */ = {isa = PBXBuildFile; fileRef = C034A2911BDA133A00A998FD /* Images.xcassets */; };
		C034A2951BDA133A00A998FD /* LaunchScreen.xib in Resources */ = {isa = PBXBuildFile; fileRef = C034A2931BDA133A00A998FD /* LaunchScreen.xib */; };
		C034A2A11BDA133A00A998FD /* Objective_cCallCPlusPlusTests.m in Sources */ = {isa = PBXBuildFile; fileRef = C034A2A01BDA133A00A998FD /* Objective_cCallCPlusPlusTests.m */; };
		C034A2AC1BDA13A100A998FD /* GreateHello.mm in Sources */ = {isa = PBXBuildFile; fileRef = C034A2AB1BDA13A100A998FD /* GreateHello.mm */; };
/* End PBXBuildFile section */

/* Begin PBXContainerItemProxy section */
		C034A29B1BDA133A00A998FD /* PBXContainerItemProxy */ = {
			isa = PBXContainerItemProxy;
			containerPortal = C034A2791BDA133A00A998FD /* Project object */;
			proxyType = 1;
			remoteGlobalIDString = C034A2801BDA133A00A998FD;
			remoteInfo = "Objective-cCallCPlusPlus";
		};
/* End PBXContainerItemProxy section */

/* Begin PBXFileReference section */
		C034A2811BDA133A00A998FD /* Objective-cCallCPlusPlus.app */ = {isa = PBXFileReference; explicitFileType = wrapper.application; includeInIndex = 0; path = "Objective-cCallCPlusPlus.app"; sourceTree = BUILT_PRODUCTS_DIR; };
		C034A2851BDA133A00A998FD /* Info.plist */ = {isa = PBXFileReference; lastKnownFileType = text.plist.xml; path = Info.plist; sourceTree = "<group>"; };
		C034A2861BDA133A00A998FD /* main.m */ = {isa = PBXFileReference; lastKnownFileType = sourcecode.c.objc; path = main.m; sourceTree = "<group>"; };
		C034A2881BDA133A00A998FD /* AppDelegate.h */ = {isa = PBXFileReference; lastKnownFileType = sourcecode.c.h; path = AppDelegate.h; sourceTree = "<group>"; };
		C034A2891BDA133A00A998FD /* AppDelegate.m */ = {isa = PBXFileReference; lastKnownFileType = sourcecode.c.objc; path = AppDelegate.m; sourceTree = "<group>"; };
		C034A28B1BDA133A00A998FD /* ViewController.h */ = {isa = PBXFileReference; lastKnownFileType = sourcecode.c.h; path = ViewController.h; sourceTree = "<group>"; };
		C034A28C1BDA133A00A998FD /* ViewController.m */ = {isa = PBXFileReference; lastKnownFileType = sourcecode.c.objc; path = ViewController.m; sourceTree = "<group>"; };
		C034A28F1BDA133A00A998FD /* Base */ = {isa = PBXFileReference; lastKnownFileType = file.storyboard; name = Base; path = Base.lproj/Main.storyboard; sourceTree = "<group>"; };
		C034A2911BDA133A00A998FD /* Images.xcassets */ = {isa = PBXFileReference; lastKnownFileType = folder.assetcatalog; path = Images.xcassets; sourceTree = "<group>"; };
		C034A2941BDA133A00A998FD /* Base */ = {isa = PBXFileReference; lastKnownFileType = file.xib; name = Base; path = Base.lproj/LaunchScreen.xib; sourceTree = "<group>"; };
		C034A29A1BDA133A00A998FD /* Objective-cCallCPlusPlusTests.xctest */ = {isa = PBXFileReference; explicitFileType = wrapper.cfbundle; includeInIndex = 0; path = "Objective-cCallCPlusPlusTests.xctest"; sourceTree = BUILT_PRODUCTS_DIR; };
		C034A29F1BDA133A00A998FD /* Info.plist */ = {isa = PBXFileReference; lastKnownFileType = text.plist.xml; path = Info.plist; sourceTree = "<group>"; };
		C034A2A01BDA133A00A998FD /* Objective_cCallCPlusPlusTests.m */ = {isa = PBXFileReference; lastKnownFileType = sourcecode.c.objc; path = Objective_cCallCPlusPlusTests.m; sourceTree = "<group>"; };
		C034A2AA1BDA13A100A998FD /* GreateHello.h */ = {isa = PBXFileReference; fileEncoding = 4; lastKnownFileType = sourcecode.c.h; path = GreateHello.h; sourceTree = "<group>"; };
		C034A2AB1BDA13A100A998FD /* GreateHello.mm */ = {isa = PBXFileReference; fileEncoding = 4; lastKnownFileType = sourcecode.cpp.objcpp; path = GreateHello.mm; sourceTree = "<group>"; };
/* End PBXFileReference section */

/* Begin PBXFrameworksBuildPhase section */
		C034A27E1BDA133A00A998FD /* Frameworks */ = {
			isa = PBXFrameworksBuildPhase;
			buildActionMask = 2147483647;
			files = (
			);
			runOnlyForDeploymentPostprocessing = 0;
		};
		C034A2971BDA133A00A998FD /* Frameworks */ = {
			isa = PBXFrameworksBuildPhase;
			buildActionMask = 2147483647;
			files = (
			);
			runOnlyForDeploymentPostprocessing = 0;
		};
/* End PBXFrameworksBuildPhase section */

/* Begin PBXGroup section */
		C034A2781BDA133A00A998FD = {
			isa = PBXGroup;
			children = (
				C034A2831BDA133A00A998FD /* Objective-cCallCPlusPlus */,
				C034A29D1BDA133A00A998FD /* Objective-cCallCPlusPlusTests */,
				C034A2821BDA133A00A998FD /* Products */,
			);
			sourceTree = "<group>";
		};
		C034A2821BDA133A00A998FD /* Products */ = {
			isa = PBXGroup;
			children = (
				C034A2811BDA133A00A998FD /* Objective-cCallCPlusPlus.app */,
				C034A29A1BDA133A00A998FD /* Objective-cCallCPlusPlusTests.xctest */,
			);
			name = Products;
			sourceTree = "<group>";
		};
		C034A2831BDA133A00A998FD /* Objective-cCallCPlusPlus */ = {
			isa = PBXGroup;
			children = (
				C034A2881BDA133A00A998FD /* AppDelegate.h */,
				C034A2891BDA133A00A998FD /* AppDelegate.m */,
				C034A2AA1BDA13A100A998FD /* GreateHello.h */,
				C034A2AB1BDA13A100A998FD /* GreateHello.mm */,
				C034A28B1BDA133A00A998FD /* ViewController.h */,
				C034A28C1BDA133A00A998FD /* ViewController.m */,
				C034A28E1BDA133A00A998FD /* Main.storyboard */,
				C034A2911BDA133A00A998FD /* Images.xcassets */,
				C034A2931BDA133A00A998FD /* LaunchScreen.xib */,
				C034A2841BDA133A00A998FD /* Supporting Files */,
			);
			path = "Objective-cCallCPlusPlus";
			sourceTree = "<group>";
		};
		C034A2841BDA133A00A998FD /* Supporting Files */ = {
			isa = PBXGroup;
			children = (
				C034A2851BDA133A00A998FD /* Info.plist */,
				C034A2861BDA133A00A998FD /* main.m */,
			);
			name = "Supporting Files";
			sourceTree = "<group>";
		};
		C034A29D1BDA133A00A998FD /* Objective-cCallCPlusPlusTests */ = {
			isa = PBXGroup;
			children = (
				C034A2A01BDA133A00A998FD /* Objective_cCallCPlusPlusTests.m */,
				C034A29E1BDA133A00A998FD /* Supporting Files */,
			);
			path = "Objective-cCallCPlusPlusTests";
			sourceTree = "<group>";
		};
		C034A29E1BDA133A00A998FD /* Supporting Files */ = {
			isa = PBXGroup;
			children = (
				C034A29F1BDA133A00A998FD /* Info.plist */,
			);
			name = "Supporting Files";
			sourceTree = "<group>";
		};
/* End PBXGroup section */

/* Begin PBXNativeTarget section */
		C034A2801BDA133A00A998FD /* Objective-cCallCPlusPlus */ = {
			isa = PBXNativeTarget;
			buildConfigurationList = C034A2A41BDA133A00A998FD /* Build configuration list for PBXNativeTarget "Objective-cCallCPlusPlus" */;
			buildPhases = (
				C034A27D1BDA133A00A998FD /* Sources */,
				C034A27E1BDA133A00A998FD /* Frameworks */,
				C034A27F1BDA133A00A998FD /* Resources */,
			);
			buildRules = (
			);
			dependencies = (
			);
			name = "Objective-cCallCPlusPlus";
			productName = "Objective-cCallCPlusPlus";
			productReference = C034A2811BDA133A00A998FD /* Objective-cCallCPlusPlus.app */;
			productType = "com.apple.product-type.application";
		};
		C034A2991BDA133A00A998FD /* Objective-cCallCPlusPlusTests */ = {
			isa = PBXNativeTarget;
			buildConfigurationList = C034A2A71BDA133A00A998FD /* Build configuration list for PBXNativeTarget "Objective-cCallCPlusPlusTests" */;
			buildPhases = (
				C034A2961BDA133A00A998FD /* Sources */,
				C034A2971BDA133A00A998FD /* Frameworks */,
				C034A2981BDA133A00A998FD /* Resources */,
			);
			buildRules = (
			);
			dependencies = (
				C034A29C1BDA133A00A998FD /* PBXTargetDependency */,
			);
			name = "Objective-cCallCPlusPlusTests";
			productName = "Objective-cCallCPlusPlusTests";
			productReference = C034A29A1BDA133A00A998FD /* Objective-cCallCPlusPlusTests.xctest */;
			productType = "com.apple.product-type.bundle.unit-test";
		};
/* End PBXNativeTarget section */

/* Begin PBXProject section */
		C034A2791BDA133A00A998FD /* Project object */ = {
			isa = PBXProject;
			attributes = {
				LastUpgradeCheck = 0620;
				ORGANIZATIONNAME = ChinaCloud;
				TargetAttributes = {
					C034A2801BDA133A00A998FD = {
						CreatedOnToolsVersion = 6.2;
					};
					C034A2991BDA133A00A998FD = {
						CreatedOnToolsVersion = 6.2;
						TestTargetID = C034A2801BDA133A00A998FD;
					};
				};
			};
			buildConfigurationList = C034A27C1BDA133A00A998FD /* Build configuration list for PBXProject "Objective-cCallCPlusPlus" */;
			compatibilityVersion = "Xcode 3.2";
			developmentRegion = English;
			hasScannedForEncodings = 0;
			knownRegions = (
				en,
				Base,
			);
			mainGroup = C034A2781BDA133A00A998FD;
			productRefGroup = C034A2821BDA133A00A998FD /* Products */;
			projectDirPath = "";
			projectRoot = "";
			targets = (
				C034A2801BDA133A00A998FD /* Objective-cCallCPlusPlus */,
				C034A2991BDA133A00A998FD /* Objective-cCallCPlusPlusTests */,
			);
		};
/* End PBXProject section */

/* Begin PBXResourcesBuildPhase section */
		C034A27F1BDA133A00A998FD /* Resources */ = {
			isa = PBXResourcesBuildPhase;
			buildActionMask = 2147483647;
			files = (
				C034A2901BDA133A00A998FD /* Main.storyboard in Resources */,
				C034A2951BDA133A00A998FD /* LaunchScreen.xib in Resources */,
				C034A2921BDA133A00A998FD /* Images.xcassets in Resources */,
			);
			runOnlyForDeploymentPostprocessing = 0;
		};
		C034A2981BDA133A00A998FD /* Resources */ = {
			isa = PBXResourcesBuildPhase;
			buildActionMask = 2147483647;
			files = (
			);
			runOnlyForDeploymentPostprocessing = 0;
		};
/* End PBXResourcesBuildPhase section */

/* Begin PBXSourcesBuildPhase section */
		C034A27D1BDA133A00A998FD /* Sources */ = {
			isa = PBXSourcesBuildPhase;
			buildActionMask = 2147483647;
			files = (
				C034A28D1BDA133A00A998FD /* ViewController.m in Sources */,
				C034A28A1BDA133A00A998FD /* AppDelegate.m in Sources */,
				C034A2AC1BDA13A100A998FD /* GreateHello.mm in Sources */,
				C034A2871BDA133A00A998FD /* main.m in Sources */,
			);
			runOnlyForDeploymentPostprocessing = 0;
		};
		C034A2961BDA133A00A998FD /* Sources */ = {
			isa = PBXSourcesBuildPhase;
			buildActionMask = 2147483647;
			files = (
				C034A2A11BDA133A00A998FD /* Objective_cCallCPlusPlusTests.m in Sources */,
			);
			runOnlyForDeploymentPostprocessing = 0;
		};
/* End PBXSourcesBuildPhase section */

/* Begin PBXTargetDependency section */
		C034A29C1BDA133A00A998FD /* PBXTargetDependency */ = {
			isa = PBXTargetDependency;
			target = C034A2801BDA133A00A998FD /* Objective-cCallCPlusPlus */;
			targetProxy = C034A29B1BDA133A00A998FD /* PBXContainerItemProxy */;
		};
/* End PBXTargetDependency section */

/* Begin PBXVariantGroup section */
		C034A28E1BDA133A00A998FD /* Main.storyboard */ = {
			isa = PBXVariantGroup;
			children = (
				C034A28F1BDA133A00A998FD /* Base */,
			);
			name = Main.storyboard;
			sourceTree = "<group>";
		};
		C034A2931BDA133A00A998FD /* LaunchScreen.xib */ = {
			isa = PBXVariantGroup;
			children = (
				C034A2941BDA133A00A998FD /* Base */,
			);
			name = LaunchScreen.xib;
			sourceTree = "<group>";
		};
/* End PBXVariantGroup section */

/* Begin XCBuildConfiguration section */
		C034A2A21BDA133A00A998FD /* Debug */ = {
			isa = XCBuildConfiguration;
			buildSettings = {
				ALWAYS_SEARCH_USER_PATHS = NO;
				CLANG_CXX_LANGUAGE_STANDARD = "gnu++0x";
				CLANG_CXX_LIBRARY = "libc++";
				CLANG_ENABLE_MODULES = YES;
				CLANG_ENABLE_OBJC_ARC = YES;
				CLANG_WARN_BOOL_CONVERSION = YES;
				CLANG_WARN_CONSTANT_CONVERSION = YES;
				CLANG_WARN_DIRECT_OBJC_ISA_USAGE = YES_ERROR;
				CLANG_WARN_EMPTY_BODY = YES;
				CLANG_WARN_ENUM_CONVERSION = YES;
				CLANG_WARN_INT_CONVERSION = YES;
				CLANG_WARN_OBJC_ROOT_CLASS = YES_ERROR;
				CLANG_WARN_UNREACHABLE_CODE = YES;
				CLANG_WARN__DUPLICATE_METHOD_MATCH = YES;
				"CODE_SIGN_IDENTITY[sdk=iphoneos*]" = "iPhone Developer";
				COPY_PHASE_STRIP = NO;
				ENABLE_STRICT_OBJC_MSGSEND = YES;
				GCC_C_LANGUAGE_STANDARD = gnu99;
				GCC_DYNAMIC_NO_PIC = NO;
				GCC_OPTIMIZATION_LEVEL = 0;
				GCC_PREPROCESSOR_DEFINITIONS = (
					"DEBUG=1",
					"$(inherited)",
				);
				GCC_SYMBOLS_PRIVATE_EXTERN = NO;
				GCC_WARN_64_TO_32_BIT_CONVERSION = YES;
				GCC_WARN_ABOUT_RETURN_TYPE = YES_ERROR;
				GCC_WARN_UNDECLARED_SELECTOR = YES;
				GCC_WARN_UNINITIALIZED_AUTOS = YES_AGGRESSIVE;
				GCC_WARN_UNUSED_FUNCTION = YES;
				GCC_WARN_UNUSED_VARIABLE = YES;
				IPHONEOS_DEPLOYMENT_TARGET = 8.2;
				MTL_ENABLE_DEBUG_INFO = YES;
				ONLY_ACTIVE_ARCH = YES;
				SDKROOT = iphoneos;
				TARGETED_DEVICE_FAMILY = "1,2";
			};
			name = Debug;
		};
		C034A2A31BDA133A00A998FD /* Release */ = {
			isa = XCBuildConfiguration;
			buildSettings = {
				ALWAYS_SEARCH_USER_PATHS = NO;
				CLANG_CXX_LANGUAGE_STANDARD = "gnu++0x";
				CLANG_CXX_LIBRARY = "libc++";
				CLANG_ENABLE_MODULES = YES;
				CLANG_ENABLE_OBJC_ARC = YES;
				CLANG_WARN_BOOL_CONVERSION = YES;
				CLANG_WARN_CONSTANT_CONVERSION = YES;
				CLANG_WARN_DIRECT_OBJC_ISA_USAGE = YES_ERROR;
				CLANG_WARN_EMPTY_BODY = YES;
				CLANG_WARN_ENUM_CONVERSION = YES;
				CLANG_WARN_INT_CONVERSION = YES;
				CLANG_WARN_OBJC_ROOT_CLASS = YES_ERROR;
				CLANG_WARN_UNREACHABLE_CODE = YES;
				CLANG_WARN__DUPLICATE_METHOD_MATCH = YES;
				"CODE_SIGN_IDENTITY[sdk=iphoneos*]" = "iPhone Developer";
				COPY_PHASE_STRIP = NO;
				ENABLE_NS_ASSERTIONS = NO;
				ENABLE_STRICT_OBJC_MSGSEND = YES;
				GCC_C_LANGUAGE_STANDARD = gnu99;
				GCC_WARN_64_TO_32_BIT_CONVERSION = YES;
				GCC_WARN_ABOUT_RETURN_TYPE = YES_ERROR;
				GCC_WARN_UNDECLARED_SELECTOR = YES;
				GCC_WARN_UNINITIALIZED_AUTOS = YES_AGGRESSIVE;
				GCC_WARN_UNUSED_FUNCTION = YES;
				GCC_WARN_UNUSED_VARIABLE = YES;
				IPHONEOS_DEPLOYMENT_TARGET = 8.2;
				MTL_ENABLE_DEBUG_INFO = NO;
				SDKROOT = iphoneos;
				TARGETED_DEVICE_FAMILY = "1,2";
				VALIDATE_PRODUCT = YES;
			};
			name = Release;
		};
		C034A2A51BDA133A00A998FD /* Debug */ = {
			isa = XCBuildConfiguration;
			buildSettings = {
				ASSETCATALOG_COMPILER_APPICON_NAME = AppIcon;
				INFOPLIST_FILE = "Objective-cCallCPlusPlus/Info.plist";
				LD_RUNPATH_SEARCH_PATHS = "$(inherited) @executable_path/Frameworks";
				PRODUCT_NAME = "$(TARGET_NAME)";
			};
			name = Debug;
		};
		C034A2A61BDA133A00A998FD /* Release */ = {
			isa = XCBuildConfiguration;
			buildSettings = {
				ASSETCATALOG_COMPILER_APPICON_NAME = AppIcon;
				INFOPLIST_FILE = "Objective-cCallCPlusPlus/Info.plist";
				LD_RUNPATH_SEARCH_PATHS = "$(inherited) @executable_path/Frameworks";
				PRODUCT_NAME = "$(TARGET_NAME)";
			};
			name = Release;
		};
		C034A2A81BDA133A00A998FD /* Debug */ = {
			isa = XCBuildConfiguration;
			buildSettings = {
				BUNDLE_LOADER = "$(TEST_HOST)";
				FRAMEWORK_SEARCH_PATHS = (
					"$(SDKROOT)/Developer/Library/Frameworks",
					"$(inherited)",
				);
				GCC_PREPROCESSOR_DEFINITIONS = (
					"DEBUG=1",
					"$(inherited)",
				);
				INFOPLIST_FILE = "Objective-cCallCPlusPlusTests/Info.plist";
				LD_RUNPATH_SEARCH_PATHS = "$(inherited) @executable_path/Frameworks @loader_path/Frameworks";
				PRODUCT_NAME = "$(TARGET_NAME)";
				TEST_HOST = "$(BUILT_PRODUCTS_DIR)/Objective-cCallCPlusPlus.app/Objective-cCallCPlusPlus";
			};
			name = Debug;
		};
		C034A2A91BDA133A00A998FD /* Release */ = {
			isa = XCBuildConfiguration;
			buildSettings = {
				BUNDLE_LOADER = "$(TEST_HOST)";
				FRAMEWORK_SEARCH_PATHS = (
					"$(SDKROOT)/Developer/Library/Frameworks",
					"$(inherited)",
				);
				INFOPLIST_FILE = "Objective-cCallCPlusPlusTests/Info.plist";
				LD_RUNPATH_SEARCH_PATHS = "$(inherited) @executable_path/Frameworks @loader_path/Frameworks";
				PRODUCT_NAME = "$(TARGET_NAME)";
				TEST_HOST = "$(BUILT_PRODUCTS_DIR)/Objective-cCallCPlusPlus.app/Objective-cCallCPlusPlus";
			};
			name = Release;
		};
/* End XCBuildConfiguration section */

/* Begin XCConfigurationList section */
		C034A27C1BDA133A00A998FD /* Build configuration list for PBXProject "Objective-cCallCPlusPlus" */ = {
			isa = XCConfigurationList;
			buildConfigurations = (
				C034A2A21BDA133A00A998FD /* Debug */,
				C034A2A31BDA133A00A998FD /* Release */,
			);
			defaultConfigurationIsVisible = 0;
			defaultConfigurationName = Release;
		};
		C034A2A41BDA133A00A998FD /* Build configuration list for PBXNativeTarget "Objective-cCallCPlusPlus" */ = {
			isa = XCConfigurationList;
			buildConfigurations = (
				C034A2A51BDA133A00A998FD /* Debug */,
				C034A2A61BDA133A00A998FD /* Release */,
			);
			defaultConfigurationIsVisible = 0;
		};
		C034A2A71BDA133A00A998FD /* Build configuration list for PBXNativeTarget "Objective-cCallCPlusPlusTests" */ = {
			isa = XCConfigurationList;
			buildConfigurations = (
				C034A2A81BDA133A00A998FD /* Debug */,
				C034A2A91BDA133A00A998FD /* Release */,
			);
			defaultConfigurationIsVisible = 0;
		};
/* End XCConfigurationList section */
	};
	rootObject = C034A2791BDA133A00A998FD /* Project object */;
}
